PODS:
  - AFNetworking (2.6.3):
    - AFNetworking/NSURLConnection (= 2.6.3)
    - AFNetworking/NSURLSession (= 2.6.3)
    - AFNetworking/Reachability (= 2.6.3)
    - AFNetworking/Security (= 2.6.3)
    - AFNetworking/Serialization (= 2.6.3)
    - AFNetworking/UIKit (= 2.6.3)
  - AFNetworking/NSURLConnection (2.6.3):
    - AFNetworking/Reachability
    - AFNetworking/Security
    - AFNetworking/Serialization
  - AFNetworking/NSURLSession (2.6.3):
    - AFNetworking/Reachability
    - AFNetworking/Security
    - AFNetworking/Serialization
  - AFNetworking/Reachability (2.6.3)
  - AFNetworking/Security (2.6.3)
  - AFNetworking/Serialization (2.6.3)
  - AFNetworking/UIKit (2.6.3):
    - AFNetworking/NSURLConnection
    - AFNetworking/NSURLSession
  - CCBottomRefreshControl (0.5.1):
    - Masonry (~> 0.6.2)
  - CRToast (0.0.9)
  - CSStickyHeaderFlowLayout (0.2.10)
  - DGActivityIndicatorView (2.0)
  - DZNEmptyDataSet (1.6.1)
  - Google/Analytics (1.2.1):
    - Google/Core
    - GoogleAnalytics (~> 3.12)
  - Google/Core (1.2.1):
    - GoogleInterchangeUtilities (~> 1.0)
    - GoogleNetworkingUtilities (~> 1.0)
    - GoogleSymbolUtilities (~> 1.0)
    - GoogleUtilities (~> 1.1)
  - GoogleAnalytics (3.14.0)
  - GoogleInterchangeUtilities (1.1.0):
    - GoogleSymbolUtilities (~> 1.0)
  - GoogleNetworkingUtilities (1.0.0):
    - GoogleSymbolUtilities (~> 1.0)
  - GoogleSymbolUtilities (1.0.3)
  - GoogleUtilities (1.1.0):
    - GoogleSymbolUtilities (~> 1.0.0)
  - IHKeyboardAvoiding (2.5)
  - IHKeyboardDismissing (1.1)
  - JDStatusBarNotification (1.5.2)
  - Masonry (0.6.3)
  - MGSwipeTableCell (1.5.3)
  - MYNStickyFlowLayout (0.1.2)
  - NSDate+TimeAgo (1.0.3)
  - PureLayout (3.0.1)
  - RESideMenu (4.0.7)
  - RSDayFlow (1.2.0)
  - TLYShyNavBar (0.10.1)
  - TOMSMorphingLabel (0.5.1)
  - VGParallaxHeader (0.0.6):
    - PureLayout

DEPENDENCIES:
  - AFNetworking (~> 2.0)
  - CCBottomRefreshControl
  - CRToast (~> 0.0.7)
  - CSStickyHeaderFlowLayout (~> 0.2.9)
  - DGActivityIndicatorView
  - DZNEmptyDataSet (~> 1.6.1)
  - Google/Analytics
  - IHKeyboardAvoiding
  - IHKeyboardDismissing
  - JDStatusBarNotification
  - MGSwipeTableCell (~> 1.5.1)
  - MYNStickyFlowLayout
  - NSDate+TimeAgo
  - RESideMenu (~> 4.0.7)
  - RSDayFlow
  - TLYShyNavBar (~> 0.10.1)
  - TOMSMorphingLabel (~> 0.5)
  - VGParallaxHeader

SPEC CHECKSUMS:
  AFNetworking: cb8d14a848e831097108418f5d49217339d4eb60
  CCBottomRefreshControl: 57a596348855260f627ffc2b311328ed15b94877
  CRToast: 5a78c22b921c5ed3487488af605bc403a9c92fed
  CSStickyHeaderFlowLayout: 5366582779d8b7c9ba9b9cc729c218cc23888776
  DGActivityIndicatorView: 52875b025a6ccf6a431a905285c12e2bb95eb559
  DZNEmptyDataSet: 3d31c27758230f03c71199f8c522bcfa99fba16c
  Google: fd33b5fa40fa3aaee5176de49c873a74e3d11dce
  GoogleAnalytics: 9be1afdb8deeac4bb5f13ca7f7d3b9db2a1f43dc
  GoogleInterchangeUtilities: d7f7174176fbcf9710f696f1acebad4dbd98ac03
  GoogleNetworkingUtilities: 292992ab31b7b4ba32809a0e8b40e324cdfb2c0c
  GoogleSymbolUtilities: 82ad9f93d3615244b3f4ce440f5ab2515e8b4f56
  GoogleUtilities: 8ed9134debe11719097881711464752900668f10
  IHKeyboardAvoiding: 8f14fed93405dd2c44ce070a26f780d9e477538c
  IHKeyboardDismissing: 7c23d41da51ca22f6a1091b3cf852821a2461ac9
  JDStatusBarNotification: a36d09ccbb047217572b074a61e7ca10dddc5f0a
  Masonry: ff105a956abcd19a618b2028b121cb638d7a8e2f
  MGSwipeTableCell: 5ae3b9a15efda26b201adc8676b24040febe6ff6
  MYNStickyFlowLayout: 64d0c409bd1ad43312485c63bc82e32f038e8fbc
  NSDate+TimeAgo: 416f55d2696d3744c313091c5a9280d47f8238fe
  PureLayout: f35f5384c9c4e4479df041dbe33ad7577b71ddfb
  RESideMenu: f24c508404b49c667344c54aba7e590883533958
  RSDayFlow: 5eeed1aac1ef4c47efc69bdbc8664afb64f74c60
  TLYShyNavBar: abeab693235fc21b5bd9c8de6e971da62fc3d1d9
  TOMSMorphingLabel: 3e88a2bf5257f8993ebc51fb3109187a0bfb2c4d
  VGParallaxHeader: 1213aba58c9b0aea84f9e81ad526fde57aa4fe48

COCOAPODS: 0.37.2
