// !$*UTF8*$!
{
	archiveVersion = 1;
	classes = {
	};
	objectVersion = 46;
	objects = {

/* Begin PBXBuildFile section */
		891237FB1B400ADB00E7C6CA /* JCFeedObject.m in Sources */ = {isa = PBXBuildFile; fileRef = 891237FA1B400ADB00E7C6CA /* JCFeedObject.m */; };
		891237FE1B400C0700E7C6CA /* JCsocialStreamCell.m in Sources */ = {isa = PBXBuildFile; fileRef = 891237FD1B400C0700E7C6CA /* JCsocialStreamCell.m */; };
		891238011B40360E00E7C6CA /* JCSocailStreamController.m in Sources */ = {isa = PBXBuildFile; fileRef = 891238001B40360E00E7C6CA /* JCSocailStreamController.m */; };
		891238091B40370D00E7C6CA /* UITableView+FDTemplateLayoutCell.m in Sources */ = {isa = PBXBuildFile; fileRef = 891238081B40370D00E7C6CA /* UITableView+FDTemplateLayoutCell.m */; };
		8917A44A1B7F6517004E2948 /* JCSearchPage.m in Sources */ = {isa = PBXBuildFile; fileRef = 8917A4491B7F6517004E2948 /* JCSearchPage.m */; };
		8924A9511B56D103007FB71C /* FBSDKCoreKit.framework in Frameworks */ = {isa = PBXBuildFile; fileRef = 8924A9501B56D103007FB71C /* FBSDKCoreKit.framework */; };
		8924A9531B56D99C007FB71C /* FBSDKLoginKit.framework in Frameworks */ = {isa = PBXBuildFile; fileRef = 8924A9521B56D99C007FB71C /* FBSDKLoginKit.framework */; };
		8924A9551B56D9B1007FB71C /* FBSDKShareKit.framework in Frameworks */ = {isa = PBXBuildFile; fileRef = 8924A9541B56D9B1007FB71C /* FBSDKShareKit.framework */; };
		8924A9751B6A3CC0007FB71C /* JCHTTPClient.m in Sources */ = {isa = PBXBuildFile; fileRef = 8924A9741B6A3CC0007FB71C /* JCHTTPClient.m */; };
		8924A97B1B6A3D55007FB71C /* JCHttpFacade.m in Sources */ = {isa = PBXBuildFile; fileRef = 8924A97A1B6A3D55007FB71C /* JCHttpFacade.m */; };
		8924A98B1B721B26007FB71C /* JCEventBuilder.m in Sources */ = {isa = PBXBuildFile; fileRef = 8924A98A1B721B26007FB71C /* JCEventBuilder.m */; };
		892E40F11B766FF700B60275 /* JCloginVC.m in Sources */ = {isa = PBXBuildFile; fileRef = 892E40F01B766FF700B60275 /* JCloginVC.m */; };
		8936A6431B23337C00748803 /* MapView.m in Sources */ = {isa = PBXBuildFile; fileRef = 8936A6421B23337C00748803 /* MapView.m */; };
		8936A6451B23350E00748803 /* MapKit.framework in Frameworks */ = {isa = PBXBuildFile; fileRef = 8936A6441B23350E00748803 /* MapKit.framework */; };
		8936A6471B23351A00748803 /* CoreLocation.framework in Frameworks */ = {isa = PBXBuildFile; fileRef = 8936A6461B23351A00748803 /* CoreLocation.framework */; };
		8954EBC11B80A97C00BBA658 /* JCSearchPageHTTPClient.m in Sources */ = {isa = PBXBuildFile; fileRef = 8954EBC01B80A97C00BBA658 /* JCSearchPageHTTPClient.m */; };
		8954EC021B827CD400BBA658 /* JCleftSlideOutVC.m in Sources */ = {isa = PBXBuildFile; fileRef = 8954EC011B827CD400BBA658 /* JCleftSlideOutVC.m */; };
		8954EC071B837B3600BBA658 /* JCHappeningTonightVC.m in Sources */ = {isa = PBXBuildFile; fileRef = 8954EC061B837B3600BBA658 /* JCHappeningTonightVC.m */; };
		8954EC101B85EE1400BBA658 /* JCHomeMainScreenVC.m in Sources */ = {isa = PBXBuildFile; fileRef = 8954EC0F1B85EE1400BBA658 /* JCHomeMainScreenVC.m */; };
		8954EC161B873BA800BBA658 /* JCCustomCollectionCell.m in Sources */ = {isa = PBXBuildFile; fileRef = 8954EC151B873BA800BBA658 /* JCCustomCollectionCell.m */; };
		8954EC191B874E3000BBA658 /* JCPhotoDownLoadRecord.m in Sources */ = {isa = PBXBuildFile; fileRef = 8954EC181B874E3000BBA658 /* JCPhotoDownLoadRecord.m */; };
		8954EC1C1B874EAA00BBA658 /* JCPendingOperations.m in Sources */ = {isa = PBXBuildFile; fileRef = 8954EC1B1B874EAA00BBA658 /* JCPendingOperations.m */; };
		8954EC1F1B874F9600BBA658 /* JCImageDownLoader.m in Sources */ = {isa = PBXBuildFile; fileRef = 8954EC1E1B874F9600BBA658 /* JCImageDownLoader.m */; };
		8954EC221B87526000BBA658 /* JCPhotoFiltering.m in Sources */ = {isa = PBXBuildFile; fileRef = 8954EC211B87526000BBA658 /* JCPhotoFiltering.m */; };
		8954EC251B87796F00BBA658 /* JCURLRetriever.m in Sources */ = {isa = PBXBuildFile; fileRef = 8954EC241B87796F00BBA658 /* JCURLRetriever.m */; };
		8954EC361B88A49000BBA658 /* JCCollectionViewHeaders.m in Sources */ = {isa = PBXBuildFile; fileRef = 8954EC351B88A49000BBA658 /* JCCollectionViewHeaders.m */; };
		898FA8961B76413B000AEAB1 /* Parse.framework in Frameworks */ = {isa = PBXBuildFile; fileRef = 898FA8951B76413B000AEAB1 /* Parse.framework */; };
		898FA8981B76418A000AEAB1 /* CFNetwork.framework in Frameworks */ = {isa = PBXBuildFile; fileRef = 898FA8971B76418A000AEAB1 /* CFNetwork.framework */; };
		898FA89A1B7641A3000AEAB1 /* AudioToolbox.framework in Frameworks */ = {isa = PBXBuildFile; fileRef = 898FA8991B7641A3000AEAB1 /* AudioToolbox.framework */; };
		898FA89C1B7641B9000AEAB1 /* libz.1.1.3.dylib in Frameworks */ = {isa = PBXBuildFile; fileRef = 898FA89B1B7641B8000AEAB1 /* libz.1.1.3.dylib */; };
		898FA89E1B7641C6000AEAB1 /* CoreGraphics.framework in Frameworks */ = {isa = PBXBuildFile; fileRef = 898FA89D1B7641C6000AEAB1 /* CoreGraphics.framework */; };
		898FA8A01B7641D8000AEAB1 /* MobileCoreServices.framework in Frameworks */ = {isa = PBXBuildFile; fileRef = 898FA89F1B7641D8000AEAB1 /* MobileCoreServices.framework */; };
		898FA8A21B7641E5000AEAB1 /* QuartzCore.framework in Frameworks */ = {isa = PBXBuildFile; fileRef = 898FA8A11B7641E5000AEAB1 /* QuartzCore.framework */; };
		898FA8A41B7641F1000AEAB1 /* StoreKit.framework in Frameworks */ = {isa = PBXBuildFile; fileRef = 898FA8A31B7641F1000AEAB1 /* StoreKit.framework */; };
		898FA8A61B764204000AEAB1 /* SystemConfiguration.framework in Frameworks */ = {isa = PBXBuildFile; fileRef = 898FA8A51B764204000AEAB1 /* SystemConfiguration.framework */; };
		898FA8A81B764223000AEAB1 /* Accounts.framework in Frameworks */ = {isa = PBXBuildFile; fileRef = 898FA8A71B764223000AEAB1 /* Accounts.framework */; settings = {ATTRIBUTES = (Weak, ); }; };
		898FA8AA1B764236000AEAB1 /* Security.framework in Frameworks */ = {isa = PBXBuildFile; fileRef = 898FA8A91B764236000AEAB1 /* Security.framework */; settings = {ATTRIBUTES = (Weak, ); }; };
		898FA8AC1B76426A000AEAB1 /* Social.framework in Frameworks */ = {isa = PBXBuildFile; fileRef = 898FA8AB1B76426A000AEAB1 /* Social.framework */; settings = {ATTRIBUTES = (Weak, ); }; };
		898FA8AE1B76427B000AEAB1 /* AdSupport.framework in Frameworks */ = {isa = PBXBuildFile; fileRef = 898FA8AD1B76427B000AEAB1 /* AdSupport.framework */; settings = {ATTRIBUTES = (Weak, ); }; };
		898FA8B01B764292000AEAB1 /* libsqlite3.dylib in Frameworks */ = {isa = PBXBuildFile; fileRef = 898FA8AF1B764292000AEAB1 /* libsqlite3.dylib */; settings = {ATTRIBUTES = (Weak, ); }; };
		898FA8B21B764ADF000AEAB1 /* Foundation.framework in Frameworks */ = {isa = PBXBuildFile; fileRef = 898FA8B11B764ADF000AEAB1 /* Foundation.framework */; };
		898FA8B41B764BB9000AEAB1 /* libstdc++.6.dylib in Frameworks */ = {isa = PBXBuildFile; fileRef = 898FA8B31B764BB9000AEAB1 /* libstdc++.6.dylib */; };
		898FA8B71B764C14000AEAB1 /* Bolts.framework in Frameworks */ = {isa = PBXBuildFile; fileRef = 898FA8B61B764C14000AEAB1 /* Bolts.framework */; };
		898FA8B91B764C26000AEAB1 /* ParseUI.framework in Frameworks */ = {isa = PBXBuildFile; fileRef = 898FA8B81B764C26000AEAB1 /* ParseUI.framework */; };
		898FA8BB1B764C3B000AEAB1 /* ParseCrashReporting.framework in Frameworks */ = {isa = PBXBuildFile; fileRef = 898FA8BA1B764C3B000AEAB1 /* ParseCrashReporting.framework */; };
		898FA8BF1B764DA9000AEAB1 /* ParseFacebookUtilsV4.framework in Frameworks */ = {isa = PBXBuildFile; fileRef = 898FA8BE1B764DA9000AEAB1 /* ParseFacebookUtilsV4.framework */; };
		89AD3BA91B3C1BC00004CAE4 /* EventObjectParser.m in Sources */ = {isa = PBXBuildFile; fileRef = 89AD3BA81B3C1BC00004CAE4 /* EventObjectParser.m */; };
		89AD3BAB1B3C8F490004CAE4 /* UIKit.framework in Frameworks */ = {isa = PBXBuildFile; fileRef = 89AD3BAA1B3C8F490004CAE4 /* UIKit.framework */; };
		89AE1C521B88DAE30055DB3D /* JCMainViewController.m in Sources */ = {isa = PBXBuildFile; fileRef = 89AE1C511B88DAE30055DB3D /* JCMainViewController.m */; };
		89AE1C551B89EBBB0055DB3D /* JCHappeningTonightHeaderVC.m in Sources */ = {isa = PBXBuildFile; fileRef = 89AE1C541B89EBBB0055DB3D /* JCHappeningTonightHeaderVC.m */; };
		89F51DDA1B1E1B39004E9055 /* main.m in Sources */ = {isa = PBXBuildFile; fileRef = 89F51DD91B1E1B39004E9055 /* main.m */; };
		89F51DDD1B1E1B39004E9055 /* AppDelegate.m in Sources */ = {isa = PBXBuildFile; fileRef = 89F51DDC1B1E1B39004E9055 /* AppDelegate.m */; };
		89F51DE31B1E1B39004E9055 /* Main.storyboard in Resources */ = {isa = PBXBuildFile; fileRef = 89F51DE11B1E1B39004E9055 /* Main.storyboard */; };
		89F51DE51B1E1B39004E9055 /* Images.xcassets in Resources */ = {isa = PBXBuildFile; fileRef = 89F51DE41B1E1B39004E9055 /* Images.xcassets */; };
		89F51DE81B1E1B39004E9055 /* LaunchScreen.xib in Resources */ = {isa = PBXBuildFile; fileRef = 89F51DE61B1E1B39004E9055 /* LaunchScreen.xib */; };
		89F51DF41B1E1B3A004E9055 /* masterbranchTests.m in Sources */ = {isa = PBXBuildFile; fileRef = 89F51DF31B1E1B3A004E9055 /* masterbranchTests.m */; };
		89F51DFF1B1E1C49004E9055 /* eventObject.m in Sources */ = {isa = PBXBuildFile; fileRef = 89F51DFE1B1E1C49004E9055 /* eventObject.m */; };
		89FAA90E1B8D044F00012ED5 /* JCSearchPageCell.m in Sources */ = {isa = PBXBuildFile; fileRef = 89FAA90D1B8D044F00012ED5 /* JCSearchPageCell.m */; };
		B7D653584F290407A38AEB0C /* libPods.a in Frameworks */ = {isa = PBXBuildFile; fileRef = 23CE333BC4A7D5998398F1E4 /* libPods.a */; };
/* End PBXBuildFile section */

/* Begin PBXContainerItemProxy section */
		89F51DEE1B1E1B3A004E9055 /* PBXContainerItemProxy */ = {
			isa = PBXContainerItemProxy;
			containerPortal = 89F51DCC1B1E1B39004E9055 /* Project object */;
			proxyType = 1;
			remoteGlobalIDString = 89F51DD31B1E1B39004E9055;
			remoteInfo = masterbranch;
		};
/* End PBXContainerItemProxy section */

/* Begin PBXFileReference section */
		23CE333BC4A7D5998398F1E4 /* libPods.a */ = {isa = PBXFileReference; explicitFileType = archive.ar; includeInIndex = 0; path = libPods.a; sourceTree = BUILT_PRODUCTS_DIR; };
		5A8173CA2031F5531138B68C /* Pods.release.xcconfig */ = {isa = PBXFileReference; includeInIndex = 1; lastKnownFileType = text.xcconfig; name = Pods.release.xcconfig; path = "Pods/Target Support Files/Pods/Pods.release.xcconfig"; sourceTree = "<group>"; };
		891237F91B400ADB00E7C6CA /* JCFeedObject.h */ = {isa = PBXFileReference; fileEncoding = 4; lastKnownFileType = sourcecode.c.h; path = JCFeedObject.h; sourceTree = "<group>"; };
		891237FA1B400ADB00E7C6CA /* JCFeedObject.m */ = {isa = PBXFileReference; fileEncoding = 4; lastKnownFileType = sourcecode.c.objc; path = JCFeedObject.m; sourceTree = "<group>"; };
		891237FC1B400C0700E7C6CA /* JCsocialStreamCell.h */ = {isa = PBXFileReference; fileEncoding = 4; lastKnownFileType = sourcecode.c.h; path = JCsocialStreamCell.h; sourceTree = "<group>"; };
		891237FD1B400C0700E7C6CA /* JCsocialStreamCell.m */ = {isa = PBXFileReference; fileEncoding = 4; lastKnownFileType = sourcecode.c.objc; path = JCsocialStreamCell.m; sourceTree = "<group>"; };
		891237FF1B40360E00E7C6CA /* JCSocailStreamController.h */ = {isa = PBXFileReference; fileEncoding = 4; lastKnownFileType = sourcecode.c.h; path = JCSocailStreamController.h; sourceTree = "<group>"; };
		891238001B40360E00E7C6CA /* JCSocailStreamController.m */ = {isa = PBXFileReference; fileEncoding = 4; lastKnownFileType = sourcecode.c.objc; path = JCSocailStreamController.m; sourceTree = "<group>"; };
		891238071B40370D00E7C6CA /* UITableView+FDTemplateLayoutCell.h */ = {isa = PBXFileReference; fileEncoding = 4; lastKnownFileType = sourcecode.c.h; path = "UITableView+FDTemplateLayoutCell.h"; sourceTree = "<group>"; };
		891238081B40370D00E7C6CA /* UITableView+FDTemplateLayoutCell.m */ = {isa = PBXFileReference; fileEncoding = 4; lastKnownFileType = sourcecode.c.objc; path = "UITableView+FDTemplateLayoutCell.m"; sourceTree = "<group>"; };
		8917A4481B7F6517004E2948 /* JCSearchPage.h */ = {isa = PBXFileReference; fileEncoding = 4; lastKnownFileType = sourcecode.c.h; path = JCSearchPage.h; sourceTree = "<group>"; };
		8917A4491B7F6517004E2948 /* JCSearchPage.m */ = {isa = PBXFileReference; fileEncoding = 4; lastKnownFileType = sourcecode.c.objc; path = JCSearchPage.m; sourceTree = "<group>"; };
		8924A9501B56D103007FB71C /* FBSDKCoreKit.framework */ = {isa = PBXFileReference; lastKnownFileType = wrapper.framework; name = FBSDKCoreKit.framework; path = ../../../Documents/FacebookSDK/FBSDKCoreKit.framework; sourceTree = "<group>"; };
		8924A9521B56D99C007FB71C /* FBSDKLoginKit.framework */ = {isa = PBXFileReference; lastKnownFileType = wrapper.framework; name = FBSDKLoginKit.framework; path = ../../../Documents/FacebookSDK/FBSDKLoginKit.framework; sourceTree = "<group>"; };
		8924A9541B56D9B1007FB71C /* FBSDKShareKit.framework */ = {isa = PBXFileReference; lastKnownFileType = wrapper.framework; name = FBSDKShareKit.framework; path = ../../../Documents/FacebookSDK/FBSDKShareKit.framework; sourceTree = "<group>"; };
		8924A9731B6A3CC0007FB71C /* JCHTTPClient.h */ = {isa = PBXFileReference; fileEncoding = 4; lastKnownFileType = sourcecode.c.h; path = JCHTTPClient.h; sourceTree = "<group>"; };
		8924A9741B6A3CC0007FB71C /* JCHTTPClient.m */ = {isa = PBXFileReference; fileEncoding = 4; lastKnownFileType = sourcecode.c.objc; path = JCHTTPClient.m; sourceTree = "<group>"; };
		8924A9791B6A3D55007FB71C /* JCHttpFacade.h */ = {isa = PBXFileReference; fileEncoding = 4; lastKnownFileType = sourcecode.c.h; name = JCHttpFacade.h; path = ../JCHttpFacade.h; sourceTree = "<group>"; };
		8924A97A1B6A3D55007FB71C /* JCHttpFacade.m */ = {isa = PBXFileReference; fileEncoding = 4; lastKnownFileType = sourcecode.c.objc; name = JCHttpFacade.m; path = ../JCHttpFacade.m; sourceTree = "<group>"; };
		8924A9891B721B26007FB71C /* JCEventBuilder.h */ = {isa = PBXFileReference; fileEncoding = 4; lastKnownFileType = sourcecode.c.h; path = JCEventBuilder.h; sourceTree = "<group>"; };
		8924A98A1B721B26007FB71C /* JCEventBuilder.m */ = {isa = PBXFileReference; fileEncoding = 4; lastKnownFileType = sourcecode.c.objc; path = JCEventBuilder.m; sourceTree = "<group>"; };
		892E40EF1B766FF700B60275 /* JCloginVC.h */ = {isa = PBXFileReference; fileEncoding = 4; lastKnownFileType = sourcecode.c.h; path = JCloginVC.h; sourceTree = "<group>"; };
		892E40F01B766FF700B60275 /* JCloginVC.m */ = {isa = PBXFileReference; fileEncoding = 4; lastKnownFileType = sourcecode.c.objc; path = JCloginVC.m; sourceTree = "<group>"; };
		8936A6411B23337C00748803 /* MapView.h */ = {isa = PBXFileReference; fileEncoding = 4; lastKnownFileType = sourcecode.c.h; path = MapView.h; sourceTree = "<group>"; };
		8936A6421B23337C00748803 /* MapView.m */ = {isa = PBXFileReference; fileEncoding = 4; lastKnownFileType = sourcecode.c.objc; path = MapView.m; sourceTree = "<group>"; };
		8936A6441B23350E00748803 /* MapKit.framework */ = {isa = PBXFileReference; lastKnownFileType = wrapper.framework; name = MapKit.framework; path = System/Library/Frameworks/MapKit.framework; sourceTree = SDKROOT; };
		8936A6461B23351A00748803 /* CoreLocation.framework */ = {isa = PBXFileReference; lastKnownFileType = wrapper.framework; name = CoreLocation.framework; path = System/Library/Frameworks/CoreLocation.framework; sourceTree = SDKROOT; };
		8954EBBF1B80A97C00BBA658 /* JCSearchPageHTTPClient.h */ = {isa = PBXFileReference; fileEncoding = 4; lastKnownFileType = sourcecode.c.h; path = JCSearchPageHTTPClient.h; sourceTree = "<group>"; };
		8954EBC01B80A97C00BBA658 /* JCSearchPageHTTPClient.m */ = {isa = PBXFileReference; fileEncoding = 4; lastKnownFileType = sourcecode.c.objc; path = JCSearchPageHTTPClient.m; sourceTree = "<group>"; };
		8954EC001B827CD400BBA658 /* JCleftSlideOutVC.h */ = {isa = PBXFileReference; fileEncoding = 4; lastKnownFileType = sourcecode.c.h; path = JCleftSlideOutVC.h; sourceTree = "<group>"; };
		8954EC011B827CD400BBA658 /* JCleftSlideOutVC.m */ = {isa = PBXFileReference; fileEncoding = 4; lastKnownFileType = sourcecode.c.objc; path = JCleftSlideOutVC.m; sourceTree = "<group>"; };
		8954EC051B837B3600BBA658 /* JCHappeningTonightVC.h */ = {isa = PBXFileReference; fileEncoding = 4; lastKnownFileType = sourcecode.c.h; path = JCHappeningTonightVC.h; sourceTree = "<group>"; };
		8954EC061B837B3600BBA658 /* JCHappeningTonightVC.m */ = {isa = PBXFileReference; fileEncoding = 4; lastKnownFileType = sourcecode.c.objc; path = JCHappeningTonightVC.m; sourceTree = "<group>"; };
		8954EC0E1B85EE1400BBA658 /* JCHomeMainScreenVC.h */ = {isa = PBXFileReference; fileEncoding = 4; lastKnownFileType = sourcecode.c.h; path = JCHomeMainScreenVC.h; sourceTree = "<group>"; };
		8954EC0F1B85EE1400BBA658 /* JCHomeMainScreenVC.m */ = {isa = PBXFileReference; fileEncoding = 4; lastKnownFileType = sourcecode.c.objc; path = JCHomeMainScreenVC.m; sourceTree = "<group>"; };
		8954EC141B873BA800BBA658 /* JCCustomCollectionCell.h */ = {isa = PBXFileReference; fileEncoding = 4; lastKnownFileType = sourcecode.c.h; path = JCCustomCollectionCell.h; sourceTree = "<group>"; };
		8954EC151B873BA800BBA658 /* JCCustomCollectionCell.m */ = {isa = PBXFileReference; fileEncoding = 4; lastKnownFileType = sourcecode.c.objc; path = JCCustomCollectionCell.m; sourceTree = "<group>"; };
		8954EC171B874E3000BBA658 /* JCPhotoDownLoadRecord.h */ = {isa = PBXFileReference; fileEncoding = 4; lastKnownFileType = sourcecode.c.h; path = JCPhotoDownLoadRecord.h; sourceTree = "<group>"; };
		8954EC181B874E3000BBA658 /* JCPhotoDownLoadRecord.m */ = {isa = PBXFileReference; fileEncoding = 4; lastKnownFileType = sourcecode.c.objc; path = JCPhotoDownLoadRecord.m; sourceTree = "<group>"; };
		8954EC1A1B874EAA00BBA658 /* JCPendingOperations.h */ = {isa = PBXFileReference; fileEncoding = 4; lastKnownFileType = sourcecode.c.h; path = JCPendingOperations.h; sourceTree = "<group>"; };
		8954EC1B1B874EAA00BBA658 /* JCPendingOperations.m */ = {isa = PBXFileReference; fileEncoding = 4; lastKnownFileType = sourcecode.c.objc; path = JCPendingOperations.m; sourceTree = "<group>"; };
		8954EC1D1B874F9600BBA658 /* JCImageDownLoader.h */ = {isa = PBXFileReference; fileEncoding = 4; lastKnownFileType = sourcecode.c.h; path = JCImageDownLoader.h; sourceTree = "<group>"; };
		8954EC1E1B874F9600BBA658 /* JCImageDownLoader.m */ = {isa = PBXFileReference; fileEncoding = 4; lastKnownFileType = sourcecode.c.objc; path = JCImageDownLoader.m; sourceTree = "<group>"; };
		8954EC201B87526000BBA658 /* JCPhotoFiltering.h */ = {isa = PBXFileReference; fileEncoding = 4; lastKnownFileType = sourcecode.c.h; path = JCPhotoFiltering.h; sourceTree = "<group>"; };
		8954EC211B87526000BBA658 /* JCPhotoFiltering.m */ = {isa = PBXFileReference; fileEncoding = 4; lastKnownFileType = sourcecode.c.objc; path = JCPhotoFiltering.m; sourceTree = "<group>"; };
		8954EC231B87796F00BBA658 /* JCURLRetriever.h */ = {isa = PBXFileReference; fileEncoding = 4; lastKnownFileType = sourcecode.c.h; path = JCURLRetriever.h; sourceTree = "<group>"; };
		8954EC241B87796F00BBA658 /* JCURLRetriever.m */ = {isa = PBXFileReference; fileEncoding = 4; lastKnownFileType = sourcecode.c.objc; path = JCURLRetriever.m; sourceTree = "<group>"; };
		8954EC341B88A49000BBA658 /* JCCollectionViewHeaders.h */ = {isa = PBXFileReference; fileEncoding = 4; lastKnownFileType = sourcecode.c.h; path = JCCollectionViewHeaders.h; sourceTree = "<group>"; };
		8954EC351B88A49000BBA658 /* JCCollectionViewHeaders.m */ = {isa = PBXFileReference; fileEncoding = 4; lastKnownFileType = sourcecode.c.objc; path = JCCollectionViewHeaders.m; sourceTree = "<group>"; };
		898FA8951B76413B000AEAB1 /* Parse.framework */ = {isa = PBXFileReference; lastKnownFileType = wrapper.framework; name = Parse.framework; path = "../../../Downloads/parse-library-1.7.5/Parse.framework"; sourceTree = "<group>"; };
		898FA8971B76418A000AEAB1 /* CFNetwork.framework */ = {isa = PBXFileReference; lastKnownFileType = wrapper.framework; name = CFNetwork.framework; path = System/Library/Frameworks/CFNetwork.framework; sourceTree = SDKROOT; };
		898FA8991B7641A3000AEAB1 /* AudioToolbox.framework */ = {isa = PBXFileReference; lastKnownFileType = wrapper.framework; name = AudioToolbox.framework; path = System/Library/Frameworks/AudioToolbox.framework; sourceTree = SDKROOT; };
		898FA89B1B7641B8000AEAB1 /* libz.1.1.3.dylib */ = {isa = PBXFileReference; lastKnownFileType = "compiled.mach-o.dylib"; name = libz.1.1.3.dylib; path = usr/lib/libz.1.1.3.dylib; sourceTree = SDKROOT; };
		898FA89D1B7641C6000AEAB1 /* CoreGraphics.framework */ = {isa = PBXFileReference; lastKnownFileType = wrapper.framework; name = CoreGraphics.framework; path = System/Library/Frameworks/CoreGraphics.framework; sourceTree = SDKROOT; };
		898FA89F1B7641D8000AEAB1 /* MobileCoreServices.framework */ = {isa = PBXFileReference; lastKnownFileType = wrapper.framework; name = MobileCoreServices.framework; path = System/Library/Frameworks/MobileCoreServices.framework; sourceTree = SDKROOT; };
		898FA8A11B7641E5000AEAB1 /* QuartzCore.framework */ = {isa = PBXFileReference; lastKnownFileType = wrapper.framework; name = QuartzCore.framework; path = System/Library/Frameworks/QuartzCore.framework; sourceTree = SDKROOT; };
		898FA8A31B7641F1000AEAB1 /* StoreKit.framework */ = {isa = PBXFileReference; lastKnownFileType = wrapper.framework; name = StoreKit.framework; path = System/Library/Frameworks/StoreKit.framework; sourceTree = SDKROOT; };
		898FA8A51B764204000AEAB1 /* SystemConfiguration.framework */ = {isa = PBXFileReference; lastKnownFileType = wrapper.framework; name = SystemConfiguration.framework; path = System/Library/Frameworks/SystemConfiguration.framework; sourceTree = SDKROOT; };
		898FA8A71B764223000AEAB1 /* Accounts.framework */ = {isa = PBXFileReference; lastKnownFileType = wrapper.framework; name = Accounts.framework; path = System/Library/Frameworks/Accounts.framework; sourceTree = SDKROOT; };
		898FA8A91B764236000AEAB1 /* Security.framework */ = {isa = PBXFileReference; lastKnownFileType = wrapper.framework; name = Security.framework; path = System/Library/Frameworks/Security.framework; sourceTree = SDKROOT; };
		898FA8AB1B76426A000AEAB1 /* Social.framework */ = {isa = PBXFileReference; lastKnownFileType = wrapper.framework; name = Social.framework; path = System/Library/Frameworks/Social.framework; sourceTree = SDKROOT; };
		898FA8AD1B76427B000AEAB1 /* AdSupport.framework */ = {isa = PBXFileReference; lastKnownFileType = wrapper.framework; name = AdSupport.framework; path = System/Library/Frameworks/AdSupport.framework; sourceTree = SDKROOT; };
		898FA8AF1B764292000AEAB1 /* libsqlite3.dylib */ = {isa = PBXFileReference; lastKnownFileType = "compiled.mach-o.dylib"; name = libsqlite3.dylib; path = usr/lib/libsqlite3.dylib; sourceTree = SDKROOT; };
		898FA8B11B764ADF000AEAB1 /* Foundation.framework */ = {isa = PBXFileReference; lastKnownFileType = wrapper.framework; name = Foundation.framework; path = System/Library/Frameworks/Foundation.framework; sourceTree = SDKROOT; };
		898FA8B31B764BB9000AEAB1 /* libstdc++.6.dylib */ = {isa = PBXFileReference; lastKnownFileType = "compiled.mach-o.dylib"; name = "libstdc++.6.dylib"; path = "usr/lib/libstdc++.6.dylib"; sourceTree = SDKROOT; };
		898FA8B61B764C14000AEAB1 /* Bolts.framework */ = {isa = PBXFileReference; lastKnownFileType = wrapper.framework; name = Bolts.framework; path = "../../../Downloads/parse-library-1.7.5/Bolts.framework"; sourceTree = "<group>"; };
		898FA8B81B764C26000AEAB1 /* ParseUI.framework */ = {isa = PBXFileReference; lastKnownFileType = wrapper.framework; name = ParseUI.framework; path = "../../../Downloads/parse-library-1.7.5/ParseUI.framework"; sourceTree = "<group>"; };
		898FA8BA1B764C3B000AEAB1 /* ParseCrashReporting.framework */ = {isa = PBXFileReference; lastKnownFileType = wrapper.framework; name = ParseCrashReporting.framework; path = "../../../Downloads/parse-library-1.7.5/ParseCrashReporting.framework"; sourceTree = "<group>"; };
		898FA8BE1B764DA9000AEAB1 /* ParseFacebookUtilsV4.framework */ = {isa = PBXFileReference; lastKnownFileType = wrapper.framework; name = ParseFacebookUtilsV4.framework; path = "../../../Downloads/parse-library-1.7.5/ParseFacebookUtilsV4.framework"; sourceTree = "<group>"; };
		89AD3BA71B3C1BC00004CAE4 /* EventObjectParser.h */ = {isa = PBXFileReference; fileEncoding = 4; lastKnownFileType = sourcecode.c.h; path = EventObjectParser.h; sourceTree = "<group>"; };
		89AD3BA81B3C1BC00004CAE4 /* EventObjectParser.m */ = {isa = PBXFileReference; fileEncoding = 4; lastKnownFileType = sourcecode.c.objc; path = EventObjectParser.m; sourceTree = "<group>"; };
		89AD3BAA1B3C8F490004CAE4 /* UIKit.framework */ = {isa = PBXFileReference; lastKnownFileType = wrapper.framework; name = UIKit.framework; path = System/Library/Frameworks/UIKit.framework; sourceTree = SDKROOT; };
		89AE1C501B88DAE30055DB3D /* JCMainViewController.h */ = {isa = PBXFileReference; fileEncoding = 4; lastKnownFileType = sourcecode.c.h; path = JCMainViewController.h; sourceTree = "<group>"; };
		89AE1C511B88DAE30055DB3D /* JCMainViewController.m */ = {isa = PBXFileReference; fileEncoding = 4; lastKnownFileType = sourcecode.c.objc; path = JCMainViewController.m; sourceTree = "<group>"; };
		89AE1C531B89EBBB0055DB3D /* JCHappeningTonightHeaderVC.h */ = {isa = PBXFileReference; fileEncoding = 4; lastKnownFileType = sourcecode.c.h; path = JCHappeningTonightHeaderVC.h; sourceTree = "<group>"; };
		89AE1C541B89EBBB0055DB3D /* JCHappeningTonightHeaderVC.m */ = {isa = PBXFileReference; fileEncoding = 4; lastKnownFileType = sourcecode.c.objc; path = JCHappeningTonightHeaderVC.m; sourceTree = "<group>"; };
		89F51DD41B1E1B39004E9055 /* masterbranch.app */ = {isa = PBXFileReference; explicitFileType = wrapper.application; includeInIndex = 0; path = masterbranch.app; sourceTree = BUILT_PRODUCTS_DIR; };
		89F51DD81B1E1B39004E9055 /* Info.plist */ = {isa = PBXFileReference; lastKnownFileType = text.plist.xml; path = Info.plist; sourceTree = "<group>"; };
		89F51DD91B1E1B39004E9055 /* main.m */ = {isa = PBXFileReference; lastKnownFileType = sourcecode.c.objc; path = main.m; sourceTree = "<group>"; };
		89F51DDB1B1E1B39004E9055 /* AppDelegate.h */ = {isa = PBXFileReference; lastKnownFileType = sourcecode.c.h; path = AppDelegate.h; sourceTree = "<group>"; };
		89F51DDC1B1E1B39004E9055 /* AppDelegate.m */ = {isa = PBXFileReference; lastKnownFileType = sourcecode.c.objc; path = AppDelegate.m; sourceTree = "<group>"; };
		89F51DE21B1E1B39004E9055 /* Base */ = {isa = PBXFileReference; lastKnownFileType = file.storyboard; name = Base; path = Base.lproj/Main.storyboard; sourceTree = "<group>"; };
		89F51DE41B1E1B39004E9055 /* Images.xcassets */ = {isa = PBXFileReference; lastKnownFileType = folder.assetcatalog; path = Images.xcassets; sourceTree = "<group>"; };
		89F51DE71B1E1B39004E9055 /* Base */ = {isa = PBXFileReference; lastKnownFileType = file.xib; name = Base; path = Base.lproj/LaunchScreen.xib; sourceTree = "<group>"; };
		89F51DED1B1E1B3A004E9055 /* masterbranchTests.xctest */ = {isa = PBXFileReference; explicitFileType = wrapper.cfbundle; includeInIndex = 0; path = masterbranchTests.xctest; sourceTree = BUILT_PRODUCTS_DIR; };
		89F51DF21B1E1B3A004E9055 /* Info.plist */ = {isa = PBXFileReference; lastKnownFileType = text.plist.xml; path = Info.plist; sourceTree = "<group>"; };
		89F51DF31B1E1B3A004E9055 /* masterbranchTests.m */ = {isa = PBXFileReference; lastKnownFileType = sourcecode.c.objc; path = masterbranchTests.m; sourceTree = "<group>"; };
		89F51DFD1B1E1C49004E9055 /* eventObject.h */ = {isa = PBXFileReference; fileEncoding = 4; lastKnownFileType = sourcecode.c.h; path = eventObject.h; sourceTree = "<group>"; };
		89F51DFE1B1E1C49004E9055 /* eventObject.m */ = {isa = PBXFileReference; fileEncoding = 4; lastKnownFileType = sourcecode.c.objc; path = eventObject.m; sourceTree = "<group>"; };
		89FAA90C1B8D044F00012ED5 /* JCSearchPageCell.h */ = {isa = PBXFileReference; fileEncoding = 4; lastKnownFileType = sourcecode.c.h; path = JCSearchPageCell.h; sourceTree = "<group>"; };
		89FAA90D1B8D044F00012ED5 /* JCSearchPageCell.m */ = {isa = PBXFileReference; fileEncoding = 4; lastKnownFileType = sourcecode.c.objc; path = JCSearchPageCell.m; sourceTree = "<group>"; };
		D5A44FE04C659A5BA0157526 /* Pods.debug.xcconfig */ = {isa = PBXFileReference; includeInIndex = 1; lastKnownFileType = text.xcconfig; name = Pods.debug.xcconfig; path = "Pods/Target Support Files/Pods/Pods.debug.xcconfig"; sourceTree = "<group>"; };
/* End PBXFileReference section */

/* Begin PBXFrameworksBuildPhase section */
		89F51DD11B1E1B39004E9055 /* Frameworks */ = {
			isa = PBXFrameworksBuildPhase;
			buildActionMask = 2147483647;
			files = (
				898FA8B41B764BB9000AEAB1 /* libstdc++.6.dylib in Frameworks */,
				898FA8B21B764ADF000AEAB1 /* Foundation.framework in Frameworks */,
				898FA8B91B764C26000AEAB1 /* ParseUI.framework in Frameworks */,
				898FA8A81B764223000AEAB1 /* Accounts.framework in Frameworks */,
				898FA8B01B764292000AEAB1 /* libsqlite3.dylib in Frameworks */,
				898FA8AE1B76427B000AEAB1 /* AdSupport.framework in Frameworks */,
				898FA8AC1B76426A000AEAB1 /* Social.framework in Frameworks */,
				898FA8AA1B764236000AEAB1 /* Security.framework in Frameworks */,
				898FA8A61B764204000AEAB1 /* SystemConfiguration.framework in Frameworks */,
				898FA8A41B7641F1000AEAB1 /* StoreKit.framework in Frameworks */,
				898FA8A21B7641E5000AEAB1 /* QuartzCore.framework in Frameworks */,
				898FA8A01B7641D8000AEAB1 /* MobileCoreServices.framework in Frameworks */,
				898FA89E1B7641C6000AEAB1 /* CoreGraphics.framework in Frameworks */,
				898FA89C1B7641B9000AEAB1 /* libz.1.1.3.dylib in Frameworks */,
				898FA89A1B7641A3000AEAB1 /* AudioToolbox.framework in Frameworks */,
				898FA8981B76418A000AEAB1 /* CFNetwork.framework in Frameworks */,
				898FA8B71B764C14000AEAB1 /* Bolts.framework in Frameworks */,
				89AD3BAB1B3C8F490004CAE4 /* UIKit.framework in Frameworks */,
				8924A9511B56D103007FB71C /* FBSDKCoreKit.framework in Frameworks */,
				8924A9551B56D9B1007FB71C /* FBSDKShareKit.framework in Frameworks */,
				8924A9531B56D99C007FB71C /* FBSDKLoginKit.framework in Frameworks */,
				8936A6471B23351A00748803 /* CoreLocation.framework in Frameworks */,
				8936A6451B23350E00748803 /* MapKit.framework in Frameworks */,
				898FA8BF1B764DA9000AEAB1 /* ParseFacebookUtilsV4.framework in Frameworks */,
				898FA8961B76413B000AEAB1 /* Parse.framework in Frameworks */,
				B7D653584F290407A38AEB0C /* libPods.a in Frameworks */,
				898FA8BB1B764C3B000AEAB1 /* ParseCrashReporting.framework in Frameworks */,
			);
			runOnlyForDeploymentPostprocessing = 0;
		};
		89F51DEA1B1E1B3A004E9055 /* Frameworks */ = {
			isa = PBXFrameworksBuildPhase;
			buildActionMask = 2147483647;
			files = (
			);
			runOnlyForDeploymentPostprocessing = 0;
		};
/* End PBXFrameworksBuildPhase section */

/* Begin PBXGroup section */
		00A97242DE4980B90530AAED /* Pods */ = {
			isa = PBXGroup;
			children = (
				D5A44FE04C659A5BA0157526 /* Pods.debug.xcconfig */,
				5A8173CA2031F5531138B68C /* Pods.release.xcconfig */,
			);
			name = Pods;
			sourceTree = "<group>";
		};
		891237F21B3FFDAB00E7C6CA /* JCMapView */ = {
			isa = PBXGroup;
			children = (
				891237F51B3FFDE100E7C6CA /* controler */,
				891237F31B3FFDBE00E7C6CA /* model */,
			);
			name = JCMapView;
			sourceTree = "<group>";
		};
		891237F31B3FFDBE00E7C6CA /* model */ = {
			isa = PBXGroup;
			children = (
				89AD3BA71B3C1BC00004CAE4 /* EventObjectParser.h */,
				89AD3BA81B3C1BC00004CAE4 /* EventObjectParser.m */,
			);
			name = model;
			sourceTree = "<group>";
		};
		891237F51B3FFDE100E7C6CA /* controler */ = {
			isa = PBXGroup;
			children = (
				8936A6411B23337C00748803 /* MapView.h */,
				8936A6421B23337C00748803 /* MapView.m */,
			);
			name = controler;
			sourceTree = "<group>";
		};
		891237F81B400A3700E7C6CA /* AlreadyHappenedVC */ = {
			isa = PBXGroup;
			children = (
				89EEAB881B7DF9A60053290C /* controller */,
				8924A9561B63A05F007FB71C /* custom cell */,
			);
			name = AlreadyHappenedVC;
			sourceTree = "<group>";
		};
		8912380A1B40372B00E7C6CA /* FDTemplateLayoutCell */ = {
			isa = PBXGroup;
			children = (
				891238071B40370D00E7C6CA /* UITableView+FDTemplateLayoutCell.h */,
				891238081B40370D00E7C6CA /* UITableView+FDTemplateLayoutCell.m */,
			);
			name = FDTemplateLayoutCell;
			sourceTree = "<group>";
		};
		891238181B42B60C00E7C6CA /* SocailStreamVC's */ = {
			isa = PBXGroup;
			children = (
				8954EC041B837AF800BBA658 /* HappeningTonight */,
				891237F81B400A3700E7C6CA /* AlreadyHappenedVC */,
			);
			name = "SocailStreamVC's";
			sourceTree = "<group>";
		};
		8917A4471B7F64E6004E2948 /* SearchPageControler */ = {
			isa = PBXGroup;
			children = (
				8917A4481B7F6517004E2948 /* JCSearchPage.h */,
				8917A4491B7F6517004E2948 /* JCSearchPage.m */,
				8954EBBF1B80A97C00BBA658 /* JCSearchPageHTTPClient.h */,
				8954EBC01B80A97C00BBA658 /* JCSearchPageHTTPClient.m */,
				89FAA90C1B8D044F00012ED5 /* JCSearchPageCell.h */,
				89FAA90D1B8D044F00012ED5 /* JCSearchPageCell.m */,
			);
			name = SearchPageControler;
			sourceTree = "<group>";
		};
		8924A9561B63A05F007FB71C /* custom cell */ = {
			isa = PBXGroup;
			children = (
				8912380A1B40372B00E7C6CA /* FDTemplateLayoutCell */,
				8924A9571B63A06C007FB71C /* controler */,
			);
			name = "custom cell";
			sourceTree = "<group>";
		};
		8924A9571B63A06C007FB71C /* controler */ = {
			isa = PBXGroup;
			children = (
				891237FC1B400C0700E7C6CA /* JCsocialStreamCell.h */,
				891237FD1B400C0700E7C6CA /* JCsocialStreamCell.m */,
			);
			name = controler;
			sourceTree = "<group>";
		};
		8924A9721B6A3C6A007FB71C /* SocialStreamAPI */ = {
			isa = PBXGroup;
			children = (
				8924A9791B6A3D55007FB71C /* JCHttpFacade.h */,
				8924A97A1B6A3D55007FB71C /* JCHttpFacade.m */,
				8924A9731B6A3CC0007FB71C /* JCHTTPClient.h */,
				8924A9741B6A3CC0007FB71C /* JCHTTPClient.m */,
				891237F91B400ADB00E7C6CA /* JCFeedObject.h */,
				891237FA1B400ADB00E7C6CA /* JCFeedObject.m */,
			);
			name = SocialStreamAPI;
			sourceTree = "<group>";
		};
		8924A9881B72192D007FB71C /* EventObjectAPI  */ = {
			isa = PBXGroup;
			children = (
				8924A9891B721B26007FB71C /* JCEventBuilder.h */,
				8924A98A1B721B26007FB71C /* JCEventBuilder.m */,
				89F51DFD1B1E1C49004E9055 /* eventObject.h */,
				89F51DFE1B1E1C49004E9055 /* eventObject.m */,
				8954EC171B874E3000BBA658 /* JCPhotoDownLoadRecord.h */,
				8954EC181B874E3000BBA658 /* JCPhotoDownLoadRecord.m */,
				8954EC1A1B874EAA00BBA658 /* JCPendingOperations.h */,
				8954EC1B1B874EAA00BBA658 /* JCPendingOperations.m */,
				8954EC1D1B874F9600BBA658 /* JCImageDownLoader.h */,
				8954EC1E1B874F9600BBA658 /* JCImageDownLoader.m */,
				8954EC201B87526000BBA658 /* JCPhotoFiltering.h */,
				8954EC211B87526000BBA658 /* JCPhotoFiltering.m */,
				8954EC231B87796F00BBA658 /* JCURLRetriever.h */,
				8954EC241B87796F00BBA658 /* JCURLRetriever.m */,
			);
			name = "EventObjectAPI ";
			sourceTree = "<group>";
		};
		8954EC041B837AF800BBA658 /* HappeningTonight */ = {
			isa = PBXGroup;
			children = (
				89AE1C571B89EBD70055DB3D /* headerVC */,
				89AE1C561B89EBC20055DB3D /* MainVc */,
			);
			name = HappeningTonight;
			sourceTree = "<group>";
		};
		8954EC111B873B2000BBA658 /* HomeScreenVC */ = {
			isa = PBXGroup;
			children = (
				8954EC321B88940B00BBA658 /* RootViewController */,
				8954EC311B8893F500BBA658 /* Login */,
				8954EC301B8893DB00BBA658 /* LeftSlideOut */,
				8954EC2F1B8893C600BBA658 /* Center CollectionView */,
			);
			name = HomeScreenVC;
			sourceTree = "<group>";
		};
		8954EC121B873B3F00BBA658 /* ViewController */ = {
			isa = PBXGroup;
			children = (
				8954EC0E1B85EE1400BBA658 /* JCHomeMainScreenVC.h */,
				8954EC0F1B85EE1400BBA658 /* JCHomeMainScreenVC.m */,
			);
			name = ViewController;
			sourceTree = "<group>";
		};
		8954EC131B873B4F00BBA658 /* CustomCell */ = {
			isa = PBXGroup;
			children = (
				8954EC141B873BA800BBA658 /* JCCustomCollectionCell.h */,
				8954EC151B873BA800BBA658 /* JCCustomCollectionCell.m */,
			);
			name = CustomCell;
			sourceTree = "<group>";
		};
		8954EC2F1B8893C600BBA658 /* Center CollectionView */ = {
			isa = PBXGroup;
			children = (
				8954EC331B88A45C00BBA658 /* Headers */,
				8954EC121B873B3F00BBA658 /* ViewController */,
				8954EC131B873B4F00BBA658 /* CustomCell */,
			);
			name = "Center CollectionView";
			sourceTree = "<group>";
		};
		8954EC301B8893DB00BBA658 /* LeftSlideOut */ = {
			isa = PBXGroup;
			children = (
				8954EC001B827CD400BBA658 /* JCleftSlideOutVC.h */,
				8954EC011B827CD400BBA658 /* JCleftSlideOutVC.m */,
			);
			name = LeftSlideOut;
			sourceTree = "<group>";
		};
		8954EC311B8893F500BBA658 /* Login */ = {
			isa = PBXGroup;
			children = (
				892E40EF1B766FF700B60275 /* JCloginVC.h */,
				892E40F01B766FF700B60275 /* JCloginVC.m */,
			);
			name = Login;
			sourceTree = "<group>";
		};
		8954EC321B88940B00BBA658 /* RootViewController */ = {
			isa = PBXGroup;
			children = (
				89AE1C501B88DAE30055DB3D /* JCMainViewController.h */,
				89AE1C511B88DAE30055DB3D /* JCMainViewController.m */,
			);
			name = RootViewController;
			sourceTree = "<group>";
		};
		8954EC331B88A45C00BBA658 /* Headers */ = {
			isa = PBXGroup;
			children = (
				8954EC341B88A49000BBA658 /* JCCollectionViewHeaders.h */,
				8954EC351B88A49000BBA658 /* JCCollectionViewHeaders.m */,
			);
			name = Headers;
			sourceTree = "<group>";
		};
		8980B99E1B7770FD00DC9EF7 /* BaseViewContorlers */ = {
			isa = PBXGroup;
			children = (
			);
			name = BaseViewContorlers;
			sourceTree = "<group>";
		};
		898FA8B51B764BE7000AEAB1 /* parse */ = {
			isa = PBXGroup;
			children = (
				898FA8BE1B764DA9000AEAB1 /* ParseFacebookUtilsV4.framework */,
				898FA8BA1B764C3B000AEAB1 /* ParseCrashReporting.framework */,
				898FA8B81B764C26000AEAB1 /* ParseUI.framework */,
				898FA8B61B764C14000AEAB1 /* Bolts.framework */,
				898FA8951B76413B000AEAB1 /* Parse.framework */,
			);
			name = parse;
			sourceTree = "<group>";
		};
		89AE1C561B89EBC20055DB3D /* MainVc */ = {
			isa = PBXGroup;
			children = (
				8954EC051B837B3600BBA658 /* JCHappeningTonightVC.h */,
				8954EC061B837B3600BBA658 /* JCHappeningTonightVC.m */,
			);
			name = MainVc;
			sourceTree = "<group>";
		};
		89AE1C571B89EBD70055DB3D /* headerVC */ = {
			isa = PBXGroup;
			children = (
				89AE1C531B89EBBB0055DB3D /* JCHappeningTonightHeaderVC.h */,
				89AE1C541B89EBBB0055DB3D /* JCHappeningTonightHeaderVC.m */,
			);
			name = headerVC;
			sourceTree = "<group>";
		};
		89B216C21B24419100A3ACDF /* utillities */ = {
			isa = PBXGroup;
			children = (
				89F51DE61B1E1B39004E9055 /* LaunchScreen.xib */,
				89F51DE11B1E1B39004E9055 /* Main.storyboard */,
				89F51DE41B1E1B39004E9055 /* Images.xcassets */,
				89F51DDB1B1E1B39004E9055 /* AppDelegate.h */,
				89F51DDC1B1E1B39004E9055 /* AppDelegate.m */,
			);
			name = utillities;
			path = masterbranch;
			sourceTree = "<group>";
		};
		89EEAB881B7DF9A60053290C /* controller */ = {
			isa = PBXGroup;
			children = (
				891237FF1B40360E00E7C6CA /* JCSocailStreamController.h */,
				891238001B40360E00E7C6CA /* JCSocailStreamController.m */,
			);
			name = controller;
			sourceTree = "<group>";
		};
		89F51DCB1B1E1B39004E9055 = {
			isa = PBXGroup;
			children = (
				89F51DD61B1E1B39004E9055 /* masterbranch */,
				89B216C21B24419100A3ACDF /* utillities */,
				89F51DF01B1E1B3A004E9055 /* masterbranchTests */,
				89F51DD51B1E1B39004E9055 /* Products */,
				00A97242DE4980B90530AAED /* Pods */,
				AF69D170FFE8C36EAF7215B7 /* Frameworks */,
			);
			sourceTree = "<group>";
		};
		89F51DD51B1E1B39004E9055 /* Products */ = {
			isa = PBXGroup;
			children = (
				89F51DD41B1E1B39004E9055 /* masterbranch.app */,
				89F51DED1B1E1B3A004E9055 /* masterbranchTests.xctest */,
			);
			name = Products;
			sourceTree = "<group>";
		};
		89F51DD61B1E1B39004E9055 /* masterbranch */ = {
			isa = PBXGroup;
			children = (
				8954EC111B873B2000BBA658 /* HomeScreenVC */,
				891238181B42B60C00E7C6CA /* SocailStreamVC's */,
				8917A4471B7F64E6004E2948 /* SearchPageControler */,
				8980B99E1B7770FD00DC9EF7 /* BaseViewContorlers */,
				8924A9881B72192D007FB71C /* EventObjectAPI  */,
				8924A9721B6A3C6A007FB71C /* SocialStreamAPI */,
				891237F21B3FFDAB00E7C6CA /* JCMapView */,
				89F51DD71B1E1B39004E9055 /* Supporting Files */,
			);
			path = masterbranch;
			sourceTree = "<group>";
		};
		89F51DD71B1E1B39004E9055 /* Supporting Files */ = {
			isa = PBXGroup;
			children = (
				89F51DD81B1E1B39004E9055 /* Info.plist */,
				89F51DD91B1E1B39004E9055 /* main.m */,
			);
			name = "Supporting Files";
			sourceTree = "<group>";
		};
		89F51DF01B1E1B3A004E9055 /* masterbranchTests */ = {
			isa = PBXGroup;
			children = (
				89F51DF31B1E1B3A004E9055 /* masterbranchTests.m */,
				89F51DF11B1E1B3A004E9055 /* Supporting Files */,
			);
			path = masterbranchTests;
			sourceTree = "<group>";
		};
		89F51DF11B1E1B3A004E9055 /* Supporting Files */ = {
			isa = PBXGroup;
			children = (
				89F51DF21B1E1B3A004E9055 /* Info.plist */,
			);
			name = "Supporting Files";
			sourceTree = "<group>";
		};
		AF69D170FFE8C36EAF7215B7 /* Frameworks */ = {
			isa = PBXGroup;
			children = (
				898FA8B51B764BE7000AEAB1 /* parse */,
				898FA8B31B764BB9000AEAB1 /* libstdc++.6.dylib */,
				898FA8B11B764ADF000AEAB1 /* Foundation.framework */,
				898FA8AF1B764292000AEAB1 /* libsqlite3.dylib */,
				898FA89B1B7641B8000AEAB1 /* libz.1.1.3.dylib */,
				898FA8AD1B76427B000AEAB1 /* AdSupport.framework */,
				898FA8AB1B76426A000AEAB1 /* Social.framework */,
				898FA8A91B764236000AEAB1 /* Security.framework */,
				898FA8A71B764223000AEAB1 /* Accounts.framework */,
				898FA8A51B764204000AEAB1 /* SystemConfiguration.framework */,
				898FA8A31B7641F1000AEAB1 /* StoreKit.framework */,
				898FA8A11B7641E5000AEAB1 /* QuartzCore.framework */,
				898FA89F1B7641D8000AEAB1 /* MobileCoreServices.framework */,
				898FA89D1B7641C6000AEAB1 /* CoreGraphics.framework */,
				898FA8991B7641A3000AEAB1 /* AudioToolbox.framework */,
				898FA8971B76418A000AEAB1 /* CFNetwork.framework */,
				89AD3BAA1B3C8F490004CAE4 /* UIKit.framework */,
				8936A6461B23351A00748803 /* CoreLocation.framework */,
				8936A6441B23350E00748803 /* MapKit.framework */,
				8924A9541B56D9B1007FB71C /* FBSDKShareKit.framework */,
				8924A9521B56D99C007FB71C /* FBSDKLoginKit.framework */,
				8924A9501B56D103007FB71C /* FBSDKCoreKit.framework */,
				23CE333BC4A7D5998398F1E4 /* libPods.a */,
			);
			name = Frameworks;
			sourceTree = "<group>";
		};
/* End PBXGroup section */

/* Begin PBXNativeTarget section */
		89F51DD31B1E1B39004E9055 /* masterbranch */ = {
			isa = PBXNativeTarget;
			buildConfigurationList = 89F51DF71B1E1B3A004E9055 /* Build configuration list for PBXNativeTarget "masterbranch" */;
			buildPhases = (
				19B9E84D01B9EBE890FD43F0 /* Check Pods Manifest.lock */,
				89F51DD01B1E1B39004E9055 /* Sources */,
				89F51DD11B1E1B39004E9055 /* Frameworks */,
				89F51DD21B1E1B39004E9055 /* Resources */,
				84BB1EE5B5B173BD10495ADE /* Copy Pods Resources */,
			);
			buildRules = (
			);
			dependencies = (
			);
			name = masterbranch;
			productName = masterbranch;
			productReference = 89F51DD41B1E1B39004E9055 /* masterbranch.app */;
			productType = "com.apple.product-type.application";
		};
		89F51DEC1B1E1B3A004E9055 /* masterbranchTests */ = {
			isa = PBXNativeTarget;
			buildConfigurationList = 89F51DFA1B1E1B3A004E9055 /* Build configuration list for PBXNativeTarget "masterbranchTests" */;
			buildPhases = (
				89F51DE91B1E1B3A004E9055 /* Sources */,
				89F51DEA1B1E1B3A004E9055 /* Frameworks */,
				89F51DEB1B1E1B3A004E9055 /* Resources */,
			);
			buildRules = (
			);
			dependencies = (
				89F51DEF1B1E1B3A004E9055 /* PBXTargetDependency */,
			);
			name = masterbranchTests;
			productName = masterbranchTests;
			productReference = 89F51DED1B1E1B3A004E9055 /* masterbranchTests.xctest */;
			productType = "com.apple.product-type.bundle.unit-test";
		};
/* End PBXNativeTarget section */

/* Begin PBXProject section */
		89F51DCC1B1E1B39004E9055 /* Project object */ = {
			isa = PBXProject;
			attributes = {
				LastUpgradeCheck = 0630;
				ORGANIZATIONNAME = com.james.www;
				TargetAttributes = {
					89F51DD31B1E1B39004E9055 = {
						CreatedOnToolsVersion = 6.3.2;
						DevelopmentTeam = GG4JJJ8SNP;
					};
					89F51DEC1B1E1B3A004E9055 = {
						CreatedOnToolsVersion = 6.3.2;
						TestTargetID = 89F51DD31B1E1B39004E9055;
					};
				};
			};
			buildConfigurationList = 89F51DCF1B1E1B39004E9055 /* Build configuration list for PBXProject "masterbranch" */;
			compatibilityVersion = "Xcode 3.2";
			developmentRegion = English;
			hasScannedForEncodings = 0;
			knownRegions = (
				en,
				Base,
			);
			mainGroup = 89F51DCB1B1E1B39004E9055;
			productRefGroup = 89F51DD51B1E1B39004E9055 /* Products */;
			projectDirPath = "";
			projectRoot = "";
			targets = (
				89F51DD31B1E1B39004E9055 /* masterbranch */,
				89F51DEC1B1E1B3A004E9055 /* masterbranchTests */,
			);
		};
/* End PBXProject section */

/* Begin PBXResourcesBuildPhase section */
		89F51DD21B1E1B39004E9055 /* Resources */ = {
			isa = PBXResourcesBuildPhase;
			buildActionMask = 2147483647;
			files = (
				89F51DE31B1E1B39004E9055 /* Main.storyboard in Resources */,
				89F51DE81B1E1B39004E9055 /* LaunchScreen.xib in Resources */,
				89F51DE51B1E1B39004E9055 /* Images.xcassets in Resources */,
			);
			runOnlyForDeploymentPostprocessing = 0;
		};
		89F51DEB1B1E1B3A004E9055 /* Resources */ = {
			isa = PBXResourcesBuildPhase;
			buildActionMask = 2147483647;
			files = (
			);
			runOnlyForDeploymentPostprocessing = 0;
		};
/* End PBXResourcesBuildPhase section */

/* Begin PBXShellScriptBuildPhase section */
		19B9E84D01B9EBE890FD43F0 /* Check Pods Manifest.lock */ = {
			isa = PBXShellScriptBuildPhase;
			buildActionMask = 2147483647;
			files = (
			);
			inputPaths = (
			);
			name = "Check Pods Manifest.lock";
			outputPaths = (
			);
			runOnlyForDeploymentPostprocessing = 0;
			shellPath = /bin/sh;
			shellScript = "diff \"${PODS_ROOT}/../Podfile.lock\" \"${PODS_ROOT}/Manifest.lock\" > /dev/null\nif [[ $? != 0 ]] ; then\n    cat << EOM\nerror: The sandbox is not in sync with the Podfile.lock. Run 'pod install' or update your CocoaPods installation.\nEOM\n    exit 1\nfi\n";
			showEnvVarsInLog = 0;
		};
		84BB1EE5B5B173BD10495ADE /* Copy Pods Resources */ = {
			isa = PBXShellScriptBuildPhase;
			buildActionMask = 2147483647;
			files = (
			);
			inputPaths = (
			);
			name = "Copy Pods Resources";
			outputPaths = (
			);
			runOnlyForDeploymentPostprocessing = 0;
			shellPath = /bin/sh;
			shellScript = "\"${SRCROOT}/Pods/Target Support Files/Pods/Pods-resources.sh\"\n";
			showEnvVarsInLog = 0;
		};
/* End PBXShellScriptBuildPhase section */

/* Begin PBXSourcesBuildPhase section */
		89F51DD01B1E1B39004E9055 /* Sources */ = {
			isa = PBXSourcesBuildPhase;
			buildActionMask = 2147483647;
			files = (
				891237FB1B400ADB00E7C6CA /* JCFeedObject.m in Sources */,
				8954EC101B85EE1400BBA658 /* JCHomeMainScreenVC.m in Sources */,
				8954EC361B88A49000BBA658 /* JCCollectionViewHeaders.m in Sources */,
				8936A6431B23337C00748803 /* MapView.m in Sources */,
				8924A97B1B6A3D55007FB71C /* JCHttpFacade.m in Sources */,
				89AD3BA91B3C1BC00004CAE4 /* EventObjectParser.m in Sources */,
				8954EC1F1B874F9600BBA658 /* JCImageDownLoader.m in Sources */,
				89F51DDD1B1E1B39004E9055 /* AppDelegate.m in Sources */,
				8954EC161B873BA800BBA658 /* JCCustomCollectionCell.m in Sources */,
				89FAA90E1B8D044F00012ED5 /* JCSearchPageCell.m in Sources */,
				8954EC1C1B874EAA00BBA658 /* JCPendingOperations.m in Sources */,
				8924A9751B6A3CC0007FB71C /* JCHTTPClient.m in Sources */,
				89F51DDA1B1E1B39004E9055 /* main.m in Sources */,
				89AE1C521B88DAE30055DB3D /* JCMainViewController.m in Sources */,
				89AE1C551B89EBBB0055DB3D /* JCHappeningTonightHeaderVC.m in Sources */,
				89F51DFF1B1E1C49004E9055 /* eventObject.m in Sources */,
				8954EC221B87526000BBA658 /* JCPhotoFiltering.m in Sources */,
				891238091B40370D00E7C6CA /* UITableView+FDTemplateLayoutCell.m in Sources */,
				8917A44A1B7F6517004E2948 /* JCSearchPage.m in Sources */,
				8954EC191B874E3000BBA658 /* JCPhotoDownLoadRecord.m in Sources */,
				891238011B40360E00E7C6CA /* JCSocailStreamController.m in Sources */,
				892E40F11B766FF700B60275 /* JCloginVC.m in Sources */,
				8924A98B1B721B26007FB71C /* JCEventBuilder.m in Sources */,
				8954EC251B87796F00BBA658 /* JCURLRetriever.m in Sources */,
				8954EBC11B80A97C00BBA658 /* JCSearchPageHTTPClient.m in Sources */,
				891237FE1B400C0700E7C6CA /* JCsocialStreamCell.m in Sources */,
				8954EC021B827CD400BBA658 /* JCleftSlideOutVC.m in Sources */,
				8954EC071B837B3600BBA658 /* JCHappeningTonightVC.m in Sources */,
			);
			runOnlyForDeploymentPostprocessing = 0;
		};
		89F51DE91B1E1B3A004E9055 /* Sources */ = {
			isa = PBXSourcesBuildPhase;
			buildActionMask = 2147483647;
			files = (
				89F51DF41B1E1B3A004E9055 /* masterbranchTests.m in Sources */,
			);
			runOnlyForDeploymentPostprocessing = 0;
		};
/* End PBXSourcesBuildPhase section */

/* Begin PBXTargetDependency section */
		89F51DEF1B1E1B3A004E9055 /* PBXTargetDependency */ = {
			isa = PBXTargetDependency;
			target = 89F51DD31B1E1B39004E9055 /* masterbranch */;
			targetProxy = 89F51DEE1B1E1B3A004E9055 /* PBXContainerItemProxy */;
		};
/* End PBXTargetDependency section */

/* Begin PBXVariantGroup section */
		89F51DE11B1E1B39004E9055 /* Main.storyboard */ = {
			isa = PBXVariantGroup;
			children = (
				89F51DE21B1E1B39004E9055 /* Base */,
			);
			name = Main.storyboard;
			sourceTree = "<group>";
		};
		89F51DE61B1E1B39004E9055 /* LaunchScreen.xib */ = {
			isa = PBXVariantGroup;
			children = (
				89F51DE71B1E1B39004E9055 /* Base */,
			);
			name = LaunchScreen.xib;
			sourceTree = "<group>";
		};
/* End PBXVariantGroup section */

/* Begin XCBuildConfiguration section */
		89F51DF51B1E1B3A004E9055 /* Debug */ = {
			isa = XCBuildConfiguration;
			buildSettings = {
				ALWAYS_SEARCH_USER_PATHS = NO;
				CLANG_CXX_LANGUAGE_STANDARD = "gnu++0x";
				CLANG_CXX_LIBRARY = "libc++";
				CLANG_ENABLE_MODULES = YES;
				CLANG_ENABLE_OBJC_ARC = YES;
				CLANG_WARN_BOOL_CONVERSION = YES;
				CLANG_WARN_CONSTANT_CONVERSION = YES;
				CLANG_WARN_DIRECT_OBJC_ISA_USAGE = YES_ERROR;
				CLANG_WARN_EMPTY_BODY = YES;
				CLANG_WARN_ENUM_CONVERSION = YES;
				CLANG_WARN_INT_CONVERSION = YES;
				CLANG_WARN_OBJC_ROOT_CLASS = YES_ERROR;
				CLANG_WARN_UNREACHABLE_CODE = YES;
				CLANG_WARN__DUPLICATE_METHOD_MATCH = YES;
				"CODE_SIGN_IDENTITY[sdk=iphoneos*]" = "iPhone Developer";
				COPY_PHASE_STRIP = NO;
				DEBUG_INFORMATION_FORMAT = "dwarf-with-dsym";
				ENABLE_STRICT_OBJC_MSGSEND = YES;
				GCC_C_LANGUAGE_STANDARD = gnu99;
				GCC_DYNAMIC_NO_PIC = NO;
				GCC_NO_COMMON_BLOCKS = YES;
				GCC_OPTIMIZATION_LEVEL = 0;
				GCC_PREPROCESSOR_DEFINITIONS = (
					"DEBUG=1",
					"$(inherited)",
				);
				GCC_SYMBOLS_PRIVATE_EXTERN = NO;
				GCC_WARN_64_TO_32_BIT_CONVERSION = YES;
				GCC_WARN_ABOUT_RETURN_TYPE = YES_ERROR;
				GCC_WARN_UNDECLARED_SELECTOR = YES;
				GCC_WARN_UNINITIALIZED_AUTOS = YES_AGGRESSIVE;
				GCC_WARN_UNUSED_FUNCTION = YES;
				GCC_WARN_UNUSED_VARIABLE = YES;
				IPHONEOS_DEPLOYMENT_TARGET = 8.3;
				MTL_ENABLE_DEBUG_INFO = YES;
				ONLY_ACTIVE_ARCH = YES;
				SDKROOT = iphoneos;
			};
			name = Debug;
		};
		89F51DF61B1E1B3A004E9055 /* Release */ = {
			isa = XCBuildConfiguration;
			buildSettings = {
				ALWAYS_SEARCH_USER_PATHS = NO;
				CLANG_CXX_LANGUAGE_STANDARD = "gnu++0x";
				CLANG_CXX_LIBRARY = "libc++";
				CLANG_ENABLE_MODULES = YES;
				CLANG_ENABLE_OBJC_ARC = YES;
				CLANG_WARN_BOOL_CONVERSION = YES;
				CLANG_WARN_CONSTANT_CONVERSION = YES;
				CLANG_WARN_DIRECT_OBJC_ISA_USAGE = YES_ERROR;
				CLANG_WARN_EMPTY_BODY = YES;
				CLANG_WARN_ENUM_CONVERSION = YES;
				CLANG_WARN_INT_CONVERSION = YES;
				CLANG_WARN_OBJC_ROOT_CLASS = YES_ERROR;
				CLANG_WARN_UNREACHABLE_CODE = YES;
				CLANG_WARN__DUPLICATE_METHOD_MATCH = YES;
				"CODE_SIGN_IDENTITY[sdk=iphoneos*]" = "iPhone Developer";
				COPY_PHASE_STRIP = NO;
				DEBUG_INFORMATION_FORMAT = "dwarf-with-dsym";
				ENABLE_NS_ASSERTIONS = NO;
				ENABLE_STRICT_OBJC_MSGSEND = YES;
				GCC_C_LANGUAGE_STANDARD = gnu99;
				GCC_NO_COMMON_BLOCKS = YES;
				GCC_WARN_64_TO_32_BIT_CONVERSION = YES;
				GCC_WARN_ABOUT_RETURN_TYPE = YES_ERROR;
				GCC_WARN_UNDECLARED_SELECTOR = YES;
				GCC_WARN_UNINITIALIZED_AUTOS = YES_AGGRESSIVE;
				GCC_WARN_UNUSED_FUNCTION = YES;
				GCC_WARN_UNUSED_VARIABLE = YES;
				IPHONEOS_DEPLOYMENT_TARGET = 8.3;
				MTL_ENABLE_DEBUG_INFO = NO;
				SDKROOT = iphoneos;
				VALIDATE_PRODUCT = YES;
			};
			name = Release;
		};
		89F51DF81B1E1B3A004E9055 /* Debug */ = {
			isa = XCBuildConfiguration;
			baseConfigurationReference = D5A44FE04C659A5BA0157526 /* Pods.debug.xcconfig */;
			buildSettings = {
				ASSETCATALOG_COMPILER_APPICON_NAME = AppIcon;
				CODE_SIGN_IDENTITY = "iPhone Developer";
				"CODE_SIGN_IDENTITY[sdk=iphoneos*]" = "iPhone Developer";
				FRAMEWORK_SEARCH_PATHS = (
					"$(inherited)",
					/Users/jamescash/Documents/FacebookSDK,
					"/Users/jamescash/Downloads/parse-library-1.7.5",
				);
				GCC_PREFIX_HEADER = "";
				INFOPLIST_FILE = masterbranch/Info.plist;
				LD_RUNPATH_SEARCH_PATHS = "$(inherited) @executable_path/Frameworks";
				PRODUCT_NAME = "$(TARGET_NAME)";
				PROVISIONING_PROFILE = "";
				USER_HEADER_SEARCH_PATHS = "";
			};
			name = Debug;
		};
		89F51DF91B1E1B3A004E9055 /* Release */ = {
			isa = XCBuildConfiguration;
			baseConfigurationReference = 5A8173CA2031F5531138B68C /* Pods.release.xcconfig */;
			buildSettings = {
				ASSETCATALOG_COMPILER_APPICON_NAME = AppIcon;
				CODE_SIGN_IDENTITY = "iPhone Developer";
				"CODE_SIGN_IDENTITY[sdk=iphoneos*]" = "iPhone Developer";
				FRAMEWORK_SEARCH_PATHS = (
					"$(inherited)",
					/Users/jamescash/Documents/FacebookSDK,
					"/Users/jamescash/Downloads/parse-library-1.7.5",
				);
				GCC_PREFIX_HEADER = "";
				INFOPLIST_FILE = masterbranch/Info.plist;
				LD_RUNPATH_SEARCH_PATHS = "$(inherited) @executable_path/Frameworks";
				PRODUCT_NAME = "$(TARGET_NAME)";
				PROVISIONING_PROFILE = "";
				USER_HEADER_SEARCH_PATHS = "";
			};
			name = Release;
		};
		89F51DFB1B1E1B3A004E9055 /* Debug */ = {
			isa = XCBuildConfiguration;
			buildSettings = {
				BUNDLE_LOADER = "$(TEST_HOST)";
				FRAMEWORK_SEARCH_PATHS = (
					"$(SDKROOT)/Developer/Library/Frameworks",
					"$(inherited)",
				);
				GCC_PREPROCESSOR_DEFINITIONS = (
					"DEBUG=1",
					"$(inherited)",
				);
				INFOPLIST_FILE = masterbranchTests/Info.plist;
				LD_RUNPATH_SEARCH_PATHS = "$(inherited) @executable_path/Frameworks @loader_path/Frameworks";
				PRODUCT_NAME = "$(TARGET_NAME)";
				TEST_HOST = "$(BUILT_PRODUCTS_DIR)/masterbranch.app/masterbranch";
			};
			name = Debug;
		};
		89F51DFC1B1E1B3A004E9055 /* Release */ = {
			isa = XCBuildConfiguration;
			buildSettings = {
				BUNDLE_LOADER = "$(TEST_HOST)";
				FRAMEWORK_SEARCH_PATHS = (
					"$(SDKROOT)/Developer/Library/Frameworks",
					"$(inherited)",
				);
				INFOPLIST_FILE = masterbranchTests/Info.plist;
				LD_RUNPATH_SEARCH_PATHS = "$(inherited) @executable_path/Frameworks @loader_path/Frameworks";
				PRODUCT_NAME = "$(TARGET_NAME)";
				TEST_HOST = "$(BUILT_PRODUCTS_DIR)/masterbranch.app/masterbranch";
			};
			name = Release;
		};
/* End XCBuildConfiguration section */

/* Begin XCConfigurationList section */
		89F51DCF1B1E1B39004E9055 /* Build configuration list for PBXProject "masterbranch" */ = {
			isa = XCConfigurationList;
			buildConfigurations = (
				89F51DF51B1E1B3A004E9055 /* Debug */,
				89F51DF61B1E1B3A004E9055 /* Release */,
			);
			defaultConfigurationIsVisible = 0;
			defaultConfigurationName = Release;
		};
		89F51DF71B1E1B3A004E9055 /* Build configuration list for PBXNativeTarget "masterbranch" */ = {
			isa = XCConfigurationList;
			buildConfigurations = (
				89F51DF81B1E1B3A004E9055 /* Debug */,
				89F51DF91B1E1B3A004E9055 /* Release */,
			);
			defaultConfigurationIsVisible = 0;
			defaultConfigurationName = Release;
		};
		89F51DFA1B1E1B3A004E9055 /* Build configuration list for PBXNativeTarget "masterbranchTests" */ = {
			isa = XCConfigurationList;
			buildConfigurations = (
				89F51DFB1B1E1B3A004E9055 /* Debug */,
				89F51DFC1B1E1B3A004E9055 /* Release */,
			);
			defaultConfigurationIsVisible = 0;
			defaultConfigurationName = Release;
		};
/* End XCConfigurationList section */
	};
	rootObject = 89F51DCC1B1E1B39004E9055 /* Project object */;
}
